// !$*UTF8*$!
{
	archiveVersion = 1;
	classes = {
	};
	objectVersion = 56;
	objects = {

/* Begin PBXBuildFile section */
		47C684742F44C0C600B67BB4 /* FastViTT8F16.mlpackage in Sources */ = {isa = PBXBuildFile; fileRef = 47C684732F44C0C600B67BB4 /* FastViTT8F16.mlpackage */; };
		AA0000010000000000000001 /* AntiqueAssessorApp.swift in Sources */ = {isa = PBXBuildFile; fileRef = AA0000010000000000000002 /* AntiqueAssessorApp.swift */; };
		AA0000010000000000000003 /* ContentView.swift in Sources */ = {isa = PBXBuildFile; fileRef = AA0000010000000000000004 /* ContentView.swift */; };
		AA0000010000000000000005 /* Assets.xcassets in Resources */ = {isa = PBXBuildFile; fileRef = AA0000010000000000000006 /* Assets.xcassets */; };
		AA0000010000000000000007 /* CameraView.swift in Sources */ = {isa = PBXBuildFile; fileRef = AA0000010000000000000008 /* CameraView.swift */; };
		AA0000010000000000000009 /* AssessmentService.swift in Sources */ = {isa = PBXBuildFile; fileRef = AA000001000000000000000A /* AssessmentService.swift */; };
		AA000001000000000000000B /* AntiqueItem.swift in Sources */ = {isa = PBXBuildFile; fileRef = AA000001000000000000000C /* AntiqueItem.swift */; };
		AA000001000000000000000D /* ResultsView.swift in Sources */ = {isa = PBXBuildFile; fileRef = AA000001000000000000000E /* ResultsView.swift */; };
		AA000001000000000000000F /* Localizable.strings in Resources */ = {isa = PBXBuildFile; fileRef = AA0000010000000000000010 /* Localizable.strings */; };
		AA0000010000000000000029 /* SafariView.swift in Sources */ = {isa = PBXBuildFile; fileRef = AA000001000000000000002A /* SafariView.swift */; };
		AA000001000000000000002B /* PriceInputView.swift in Sources */ = {isa = PBXBuildFile; fileRef = AA000001000000000000002C /* PriceInputView.swift */; };
		AA000001000000000000002D /* ConditionScoringView.swift in Sources */ = {isa = PBXBuildFile; fileRef = AA000001000000000000002E /* ConditionScoringView.swift */; };
		AA000001000000000000002F /* UserProvidedData.swift in Sources */ = {isa = PBXBuildFile; fileRef = AA0000010000000000000030 /* UserProvidedData.swift */; };
		AA0000010000000000000031 /* ImageAnalysisResult.swift in Sources */ = {isa = PBXBuildFile; fileRef = AA0000010000000000000032 /* ImageAnalysisResult.swift */; };
		AA0000010000000000000033 /* FastViTService.swift in Sources */ = {isa = PBXBuildFile; fileRef = AA0000010000000000000034 /* FastViTService.swift */; };
/* End PBXBuildFile section */

/* Begin PBXFileReference section */
		47C684732F44C0C600B67BB4 /* FastViTT8F16.mlpackage */ = {isa = PBXFileReference; lastKnownFileType = folder.mlpackage; path = FastViTT8F16.mlpackage; sourceTree = "<group>"; };
		AA0000010000000000000002 /* AntiqueAssessorApp.swift */ = {isa = PBXFileReference; lastKnownFileType = sourcecode.swift; path = AntiqueAssessorApp.swift; sourceTree = "<group>"; };
		AA0000010000000000000004 /* ContentView.swift */ = {isa = PBXFileReference; lastKnownFileType = sourcecode.swift; path = ContentView.swift; sourceTree = "<group>"; };
		AA0000010000000000000006 /* Assets.xcassets */ = {isa = PBXFileReference; lastKnownFileType = folder.assetcatalog; path = Assets.xcassets; sourceTree = "<group>"; };
		AA0000010000000000000008 /* CameraView.swift */ = {isa = PBXFileReference; lastKnownFileType = sourcecode.swift; path = CameraView.swift; sourceTree = "<group>"; };
		AA000001000000000000000A /* AssessmentService.swift */ = {isa = PBXFileReference; lastKnownFileType = sourcecode.swift; path = AssessmentService.swift; sourceTree = "<group>"; };
		AA000001000000000000000C /* AntiqueItem.swift */ = {isa = PBXFileReference; lastKnownFileType = sourcecode.swift; path = AntiqueItem.swift; sourceTree = "<group>"; };
		AA000001000000000000000E /* ResultsView.swift */ = {isa = PBXFileReference; lastKnownFileType = sourcecode.swift; path = ResultsView.swift; sourceTree = "<group>"; };
		AA0000010000000000000011 /* es */ = {isa = PBXFileReference; lastKnownFileType = text.plist.strings; name = es; path = es.lproj/Localizable.strings; sourceTree = "<group>"; };
		AA0000010000000000000012 /* en */ = {isa = PBXFileReference; lastKnownFileType = text.plist.strings; name = en; path = en.lproj/Localizable.strings; sourceTree = "<group>"; };
		AA0000010000000000000013 /* AntiqueAssessor.app */ = {isa = PBXFileReference; explicitFileType = wrapper.application; includeInIndex = 0; path = AntiqueAssessor.app; sourceTree = BUILT_PRODUCTS_DIR; };
		AA0000010000000000000014 /* Info.plist */ = {isa = PBXFileReference; lastKnownFileType = text.plist.xml; path = Info.plist; sourceTree = "<group>"; };
		AA000001000000000000002A /* SafariView.swift */ = {isa = PBXFileReference; lastKnownFileType = sourcecode.swift; path = SafariView.swift; sourceTree = "<group>"; };
		AA000001000000000000002C /* PriceInputView.swift */ = {isa = PBXFileReference; lastKnownFileType = sourcecode.swift; path = PriceInputView.swift; sourceTree = "<group>"; };
		AA000001000000000000002E /* ConditionScoringView.swift */ = {isa = PBXFileReference; lastKnownFileType = sourcecode.swift; path = ConditionScoringView.swift; sourceTree = "<group>"; };
		AA0000010000000000000030 /* UserProvidedData.swift */ = {isa = PBXFileReference; lastKnownFileType = sourcecode.swift; path = UserProvidedData.swift; sourceTree = "<group>"; };
		AA0000010000000000000032 /* ImageAnalysisResult.swift */ = {isa = PBXFileReference; lastKnownFileType = sourcecode.swift; path = ImageAnalysisResult.swift; sourceTree = "<group>"; };
		AA0000010000000000000034 /* FastViTService.swift */ = {isa = PBXFileReference; lastKnownFileType = sourcecode.swift; path = FastViTService.swift; sourceTree = "<group>"; };
/* End PBXFileReference section */

/* Begin PBXFrameworksBuildPhase section */
		AA0000010000000000000015 /* Frameworks */ = {
			isa = PBXFrameworksBuildPhase;
			buildActionMask = 2147483647;
			files = (
			);
			runOnlyForDeploymentPostprocessing = 0;
		};
/* End PBXFrameworksBuildPhase section */

/* Begin PBXGroup section */
		AA0000010000000000000016 = {
			isa = PBXGroup;
			children = (
				AA0000010000000000000017 /* AntiqueAssessor */,
				AA0000010000000000000018 /* Products */,
			);
			sourceTree = "<group>";
		};
		AA0000010000000000000017 /* AntiqueAssessor */ = {
			isa = PBXGroup;
			children = (
				AA0000010000000000000014 /* Info.plist */,
				AA0000010000000000000002 /* AntiqueAssessorApp.swift */,
				AA0000010000000000000004 /* ContentView.swift */,
				AA0000010000000000000008 /* CameraView.swift */,
				AA000001000000000000000E /* ResultsView.swift */,
				AA000001000000000000002A /* SafariView.swift */,
				AA000001000000000000002C /* PriceInputView.swift */,
				AA000001000000000000002E /* ConditionScoringView.swift */,
				AA000001000000000000001A /* Models */,
				AA000001000000000000001B /* Services */,
				AA0000010000000000000035 /* MLModels */,
				AA0000010000000000000006 /* Assets.xcassets */,
				AA000001000000000000001C /* Localization */,
			);
			path = AntiqueAssessor;
			sourceTree = "<group>";
		};
		AA0000010000000000000018 /* Products */ = {
			isa = PBXGroup;
			children = (
				AA0000010000000000000013 /* AntiqueAssessor.app */,
			);
			name = Products;
			sourceTree = "<group>";
		};
		AA000001000000000000001A /* Models */ = {
			isa = PBXGroup;
			children = (
				AA000001000000000000000C /* AntiqueItem.swift */,
				AA0000010000000000000030 /* UserProvidedData.swift */,
				AA0000010000000000000032 /* ImageAnalysisResult.swift */,
			);
			path = Models;
			sourceTree = "<group>";
		};
		AA000001000000000000001B /* Services */ = {
			isa = PBXGroup;
			children = (
				AA000001000000000000000A /* AssessmentService.swift */,
				AA0000010000000000000034 /* FastViTService.swift */,
			);
			path = Services;
			sourceTree = "<group>";
		};
		AA000001000000000000001C /* Localization */ = {
			isa = PBXGroup;
			children = (
				AA0000010000000000000010 /* Localizable.strings */,
			);
			path = Localization;
			sourceTree = "<group>";
		};
		AA0000010000000000000035 /* MLModels */ = {
			isa = PBXGroup;
			children = (
				47C684732F44C0C600B67BB4 /* FastViTT8F16.mlpackage */,
			);
			path = MLModels;
			sourceTree = "<group>";
		};
/* End PBXGroup section */

/* Begin PBXNativeTarget section */
		AA000001000000000000001D /* AntiqueAssessor */ = {
			isa = PBXNativeTarget;
			buildConfigurationList = AA000001000000000000001E /* Build configuration list for PBXNativeTarget "AntiqueAssessor" */;
			buildPhases = (
				AA000001000000000000001F /* Sources */,
				AA0000010000000000000015 /* Frameworks */,
				AA0000010000000000000020 /* Resources */,
			);
			buildRules = (
			);
			dependencies = (
			);
			name = AntiqueAssessor;
			productName = AntiqueAssessor;
			productReference = AA0000010000000000000013 /* AntiqueAssessor.app */;
			productType = "com.apple.product-type.application";
		};
/* End PBXNativeTarget section */

/* Begin PBXProject section */
		AA0000010000000000000021 /* Project object */ = {
			isa = PBXProject;
			attributes = {
				BuildIndependentTargetsInParallel = 1;
				LastSwiftUpdateCheck = 1500;
				LastUpgradeCheck = 2630;
				TargetAttributes = {
					AA000001000000000000001D = {
						CreatedOnToolsVersion = 15.0;
					};
				};
			};
			buildConfigurationList = AA0000010000000000000022 /* Build configuration list for PBXProject "AntiqueAssessor" */;
			compatibilityVersion = "Xcode 14.0";
			developmentRegion = es;
			hasScannedForEncodings = 0;
			knownRegions = (
				en,
				es,
				Base,
			);
			mainGroup = AA0000010000000000000016;
			productRefGroup = AA0000010000000000000018 /* Products */;
			projectDirPath = "";
			projectRoot = "";
			targets = (
				AA000001000000000000001D /* AntiqueAssessor */,
			);
		};
/* End PBXProject section */

/* Begin PBXResourcesBuildPhase section */
		AA0000010000000000000020 /* Resources */ = {
			isa = PBXResourcesBuildPhase;
			buildActionMask = 2147483647;
			files = (
				AA0000010000000000000005 /* Assets.xcassets in Resources */,
				AA000001000000000000000F /* Localizable.strings in Resources */,
			);
			runOnlyForDeploymentPostprocessing = 0;
		};
/* End PBXResourcesBuildPhase section */

/* Begin PBXSourcesBuildPhase section */
		AA000001000000000000001F /* Sources */ = {
			isa = PBXSourcesBuildPhase;
			buildActionMask = 2147483647;
			files = (
				AA0000010000000000000003 /* ContentView.swift in Sources */,
				AA0000010000000000000001 /* AntiqueAssessorApp.swift in Sources */,
				AA0000010000000000000007 /* CameraView.swift in Sources */,
				AA0000010000000000000009 /* AssessmentService.swift in Sources */,
				AA000001000000000000000B /* AntiqueItem.swift in Sources */,
				AA000001000000000000000D /* ResultsView.swift in Sources */,
				AA0000010000000000000029 /* SafariView.swift in Sources */,
				AA000001000000000000002B /* PriceInputView.swift in Sources */,
				AA000001000000000000002D /* ConditionScoringView.swift in Sources */,
				AA000001000000000000002F /* UserProvidedData.swift in Sources */,
				AA0000010000000000000031 /* ImageAnalysisResult.swift in Sources */,
				47C684742F44C0C600B67BB4 /* FastViTT8F16.mlpackage in Sources */,
				AA0000010000000000000033 /* FastViTService.swift in Sources */,
			);
			runOnlyForDeploymentPostprocessing = 0;
		};
/* End PBXSourcesBuildPhase section */

/* Begin PBXVariantGroup section */
		AA0000010000000000000010 /* Localizable.strings */ = {
			isa = PBXVariantGroup;
			children = (
				AA0000010000000000000011 /* es */,
				AA0000010000000000000012 /* en */,
			);
			name = Localizable.strings;
			sourceTree = "<group>";
		};
/* End PBXVariantGroup section */

/* Begin XCBuildConfiguration section */
		AA0000010000000000000023 /* Debug */ = {
			isa = XCBuildConfiguration;
			buildSettings = {
				ALWAYS_SEARCH_USER_PATHS = NO;
				ASSETCATALOG_COMPILER_GENERATE_SWIFT_ASSET_SYMBOL_EXTENSIONS = YES;
				CLANG_ANALYZER_LOCALIZABILITY_NONLOCALIZED = YES;
				CLANG_ANALYZER_NONNULL = YES;
				CLANG_ANALYZER_NUMBER_OBJECT_CONVERSION = YES_AGGRESSIVE;
				CLANG_CXX_LANGUAGE_STANDARD = "gnu++20";
				CLANG_ENABLE_MODULES = YES;
				CLANG_ENABLE_OBJC_ARC = YES;
				CLANG_ENABLE_OBJC_WEAK = YES;
				CLANG_WARN_BLOCK_CAPTURE_AUTORELEASING = YES;
				CLANG_WARN_BOOL_CONVERSION = YES;
				CLANG_WARN_COMMA = YES;
				CLANG_WARN_CONSTANT_CONVERSION = YES;
				CLANG_WARN_DEPRECATED_OBJC_IMPLEMENTATIONS = YES;
				CLANG_WARN_DIRECT_OBJC_ISA_USAGE = YES_ERROR;
				CLANG_WARN_DOCUMENTATION_COMMENTS = YES;
				CLANG_WARN_EMPTY_BODY = YES;
				CLANG_WARN_ENUM_CONVERSION = YES;
				CLANG_WARN_INFINITE_RECURSION = YES;
				CLANG_WARN_INT_CONVERSION = YES;
				CLANG_WARN_NON_LITERAL_NULL_CONVERSION = YES;
				CLANG_WARN_OBJC_IMPLICIT_RETAIN_SELF = YES;
				CLANG_WARN_OBJC_LITERAL_CONVERSION = YES;
				CLANG_WARN_OBJC_ROOT_CLASS = YES_ERROR;
				CLANG_WARN_QUOTED_INCLUDE_IN_FRAMEWORK_HEADER = YES;
				CLANG_WARN_RANGE_LOOP_ANALYSIS = YES;
				CLANG_WARN_STRICT_PROTOTYPES = YES;
				CLANG_WARN_SUSPICIOUS_MOVE = YES;
				CLANG_WARN_UNGUARDED_AVAILABILITY = YES_AGGRESSIVE;
				CLANG_WARN_UNREACHABLE_CODE = YES;
				CLANG_WARN__DUPLICATE_METHOD_MATCH = YES;
				COPY_PHASE_STRIP = NO;
				DEBUG_INFORMATION_FORMAT = dwarf;
				DEVELOPMENT_TEAM = 4A9UXPFDXV;
				ENABLE_STRICT_OBJC_MSGSEND = YES;
				ENABLE_TESTABILITY = YES;
				ENABLE_USER_SCRIPT_SANDBOXING = YES;
				GCC_C_LANGUAGE_STANDARD = gnu17;
				GCC_DYNAMIC_NO_PIC = NO;
				GCC_NO_COMMON_BLOCKS = YES;
				GCC_OPTIMIZATION_LEVEL = 0;
				GCC_PREPROCESSOR_DEFINITIONS = (
					"DEBUG=1",
					"$(inherited)",
				);
				GCC_WARN_64_TO_32_BIT_CONVERSION = YES;
				GCC_WARN_ABOUT_RETURN_TYPE = YES_ERROR;
				GCC_WARN_UNDECLARED_SELECTOR = YES;
				GCC_WARN_UNINITIALIZED_AUTOS = YES_AGGRESSIVE;
				GCC_WARN_UNUSED_FUNCTION = YES;
				GCC_WARN_UNUSED_VARIABLE = YES;
				IPHONEOS_DEPLOYMENT_TARGET = 15.0;
				LOCALIZATION_PREFERS_STRING_CATALOGS = YES;
				MTL_ENABLE_DEBUG_INFO = INCLUDE_SOURCE;
				MTL_FAST_MATH = YES;
				ONLY_ACTIVE_ARCH = YES;
				SDKROOT = iphoneos;
				STRING_CATALOG_GENERATE_SYMBOLS = YES;
				SWIFT_ACTIVE_COMPILATION_CONDITIONS = "DEBUG $(inherited)";
				SWIFT_OPTIMIZATION_LEVEL = "-Onone";
			};
			name = Debug;
		};
		AA0000010000000000000024 /* Release */ = {
			isa = XCBuildConfiguration;
			buildSettings = {
				ALWAYS_SEARCH_USER_PATHS = NO;
				ASSETCATALOG_COMPILER_GENERATE_SWIFT_ASSET_SYMBOL_EXTENSIONS = YES;
				CLANG_ANALYZER_LOCALIZABILITY_NONLOCALIZED = YES;
				CLANG_ANALYZER_NONNULL = YES;
				CLANG_ANALYZER_NUMBER_OBJECT_CONVERSION = YES_AGGRESSIVE;
				CLANG_CXX_LANGUAGE_STANDARD = "gnu++20";
				CLANG_ENABLE_MODULES = YES;
				CLANG_ENABLE_OBJC_ARC = YES;
				CLANG_ENABLE_OBJC_WEAK = YES;
				CLANG_WARN_BLOCK_CAPTURE_AUTORELEASING = YES;
				CLANG_WARN_BOOL_CONVERSION = YES;
				CLANG_WARN_COMMA = YES;
				CLANG_WARN_CONSTANT_CONVERSION = YES;
				CLANG_WARN_DEPRECATED_OBJC_IMPLEMENTATIONS = YES;
				CLANG_WARN_DIRECT_OBJC_ISA_USAGE = YES_ERROR;
				CLANG_WARN_DOCUMENTATION_COMMENTS = YES;
				CLANG_WARN_EMPTY_BODY = YES;
				CLANG_WARN_ENUM_CONVERSION = YES;
				CLANG_WARN_INFINITE_RECURSION = YES;
				CLANG_WARN_INT_CONVERSION = YES;
				CLANG_WARN_NON_LITERAL_NULL_CONVERSION = YES;
				CLANG_WARN_OBJC_IMPLICIT_RETAIN_SELF = YES;
				CLANG_WARN_OBJC_LITERAL_CONVERSION = YES;
				CLANG_WARN_OBJC_ROOT_CLASS = YES_ERROR;
				CLANG_WARN_QUOTED_INCLUDE_IN_FRAMEWORK_HEADER = YES;
				CLANG_WARN_RANGE_LOOP_ANALYSIS = YES;
				CLANG_WARN_STRICT_PROTOTYPES = YES;
				CLANG_WARN_SUSPICIOUS_MOVE = YES;
				CLANG_WARN_UNGUARDED_AVAILABILITY = YES_AGGRESSIVE;
				CLANG_WARN_UNREACHABLE_CODE = YES;
				CLANG_WARN__DUPLICATE_METHOD_MATCH = YES;
				COPY_PHASE_STRIP = NO;
				DEBUG_INFORMATION_FORMAT = "dwarf-with-dsym";
				DEVELOPMENT_TEAM = 4A9UXPFDXV;
				ENABLE_NS_ASSERTIONS = NO;
				ENABLE_STRICT_OBJC_MSGSEND = YES;
				ENABLE_USER_SCRIPT_SANDBOXING = YES;
				GCC_C_LANGUAGE_STANDARD = gnu17;
				GCC_NO_COMMON_BLOCKS = YES;
				GCC_WARN_64_TO_32_BIT_CONVERSION = YES;
				GCC_WARN_ABOUT_RETURN_TYPE = YES_ERROR;
				GCC_WARN_UNDECLARED_SELECTOR = YES;
				GCC_WARN_UNINITIALIZED_AUTOS = YES_AGGRESSIVE;
				GCC_WARN_UNUSED_FUNCTION = YES;
				GCC_WARN_UNUSED_VARIABLE = YES;
				IPHONEOS_DEPLOYMENT_TARGET = 15.0;
				LOCALIZATION_PREFERS_STRING_CATALOGS = YES;
				MTL_ENABLE_DEBUG_INFO = NO;
				MTL_FAST_MATH = YES;
				SDKROOT = iphoneos;
				STRING_CATALOG_GENERATE_SYMBOLS = YES;
				SWIFT_COMPILATION_MODE = wholemodule;
				VALIDATE_PRODUCT = YES;
			};
			name = Release;
		};
		AA0000010000000000000025 /* Debug */ = {
			isa = XCBuildConfiguration;
			buildSettings = {
				ASSETCATALOG_COMPILER_APPICON_NAME = AppIcon;
				ASSETCATALOG_COMPILER_GLOBAL_ACCENT_COLOR_NAME = AccentColor;
				CODE_SIGN_STYLE = Automatic;
				CURRENT_PROJECT_VERSION = 1;
				ENABLE_PREVIEWS = YES;
				GENERATE_INFOPLIST_FILE = NO;
				INFOPLIST_FILE = AntiqueAssessor/Info.plist;
				INFOPLIST_KEY_NSCameraUsageDescription = "La aplicación necesita acceso a la cámara para tomar fotos de antigüedades / The app needs camera access to take photos of antiques";
				INFOPLIST_KEY_NSPhotoLibraryUsageDescription = "La aplicación necesita acceso a la galería para seleccionar fotos de antigüedades / The app needs photo library access to select antique photos";
				INFOPLIST_KEY_UIApplicationSceneManifest_Generation = YES;
				INFOPLIST_KEY_UIApplicationSupportsIndirectInputEvents = YES;
				INFOPLIST_KEY_UILaunchScreen_Generation = YES;
				INFOPLIST_KEY_UISupportedInterfaceOrientations_iPad = "UIInterfaceOrientationPortrait UIInterfaceOrientationPortraitUpsideDown UIInterfaceOrientationLandscapeLeft UIInterfaceOrientationLandscapeRight";
				INFOPLIST_KEY_UISupportedInterfaceOrientations_iPhone = "UIInterfaceOrientationPortrait UIInterfaceOrientationLandscapeLeft UIInterfaceOrientationLandscapeRight";
				LD_RUNPATH_SEARCH_PATHS = (
					"$(inherited)",
					"@executable_path/Frameworks",
				);
				MARKETING_VERSION = 1.0;
				PRODUCT_BUNDLE_IDENTIFIER = com.antiqueassessor.app;
				PRODUCT_NAME = "$(TARGET_NAME)";
				SWIFT_EMIT_LOC_STRINGS = YES;
				SWIFT_VERSION = 5.0;
				TARGETED_DEVICE_FAMILY = "1,2";
			};
			name = Debug;
		};
		AA0000010000000000000026 /* Release */ = {
			isa = XCBuildConfiguration;
			buildSettings = {
				ASSETCATALOG_COMPILER_APPICON_NAME = AppIcon;
				ASSETCATALOG_COMPILER_GLOBAL_ACCENT_COLOR_NAME = AccentColor;
				CODE_SIGN_STYLE = Automatic;
				CURRENT_PROJECT_VERSION = 1;
				ENABLE_PREVIEWS = YES;
				GENERATE_INFOPLIST_FILE = NO;
				INFOPLIST_FILE = AntiqueAssessor/Info.plist;
				INFOPLIST_KEY_NSCameraUsageDescription = "La aplicación necesita acceso a la cámara para tomar fotos de antigüedades / The app needs camera access to take photos of antiques";
				INFOPLIST_KEY_NSPhotoLibraryUsageDescription = "La aplicación necesita acceso a la galería para seleccionar fotos de antigüedades / The app needs photo library access to select antique photos";
				INFOPLIST_KEY_UIApplicationSceneManifest_Generation = YES;
				INFOPLIST_KEY_UIApplicationSupportsIndirectInputEvents = YES;
				INFOPLIST_KEY_UILaunchScreen_Generation = YES;
				INFOPLIST_KEY_UISupportedInterfaceOrientations_iPad = "UIInterfaceOrientationPortrait UIInterfaceOrientationPortraitUpsideDown UIInterfaceOrientationLandscapeLeft UIInterfaceOrientationLandscapeRight";
				INFOPLIST_KEY_UISupportedInterfaceOrientations_iPhone = "UIInterfaceOrientationPortrait UIInterfaceOrientationLandscapeLeft UIInterfaceOrientationLandscapeRight";
				LD_RUNPATH_SEARCH_PATHS = (
					"$(inherited)",
					"@executable_path/Frameworks",
				);
				MARKETING_VERSION = 1.0;
				PRODUCT_BUNDLE_IDENTIFIER = com.antiqueassessor.app;
				PRODUCT_NAME = "$(TARGET_NAME)";
				SWIFT_EMIT_LOC_STRINGS = YES;
				SWIFT_VERSION = 5.0;
				TARGETED_DEVICE_FAMILY = "1,2";
			};
			name = Release;
		};
/* End XCBuildConfiguration section */

/* Begin XCConfigurationList section */
		AA000001000000000000001E /* Build configuration list for PBXNativeTarget "AntiqueAssessor" */ = {
			isa = XCConfigurationList;
			buildConfigurations = (
				AA0000010000000000000025 /* Debug */,
				AA0000010000000000000026 /* Release */,
			);
			defaultConfigurationIsVisible = 0;
			defaultConfigurationName = Release;
		};
		AA0000010000000000000022 /* Build configuration list for PBXProject "AntiqueAssessor" */ = {
			isa = XCConfigurationList;
			buildConfigurations = (
				AA0000010000000000000023 /* Debug */,
				AA0000010000000000000024 /* Release */,
			);
			defaultConfigurationIsVisible = 0;
			defaultConfigurationName = Release;
		};
/* End XCConfigurationList section */
	};
	rootObject = AA0000010000000000000021 /* Project object */;
}
